
Microsoft Visual Studio Solution File, Format Version 12.00
# Visual Studio 15
VisualStudioVersion = 15.0.27703.2042
MinimumVisualStudioVersion = 10.0.40219.1
Project("{8BC9CEB8-8B4A-11D0-8D11-00A0C91BC942}") = "vs", "vs\vs.vcxproj", "{69348DEB-2853-46E7-9E24-1A17DD06871A}"
EndProject
Global
	GlobalSection(SolutionConfigurationPlatforms) = preSolution
		Debug|x64 = Debug|x64
		Debug|x86 = Debug|x86
		Release|x64 = Release|x64
		Release|x86 = Release|x86
	EndGlobalSection
	GlobalSection(ProjectConfigurationPlatforms) = postSolution
		{69348DEB-2853-46E7-9E24-1A17DD06871A}.Debug|x64.ActiveCfg = Debug|x64
		{69348DEB-2853-46E7-9E24-1A17DD06871A}.Debug|x64.Build.0 = Debug|x64
		{69348DEB-2853-46E7-9E24-1A17DD06871A}.Debug|x86.ActiveCfg = Debug|Win32
		{69348DEB-2853-46E7-9E24-1A17DD06871A}.Debug|x86.Build.0 = Debug|Win32
		{69348DEB-2853-46E7-9E24-1A17DD06871A}.Release|x64.ActiveCfg = Release|x64
		{69348DEB-2853-46E7-9E24-1A17DD06871A}.Release|x64.Build.0 = Release|x64
		{69348DEB-2853-46E7-9E24-1A17DD06871A}.Release|x86.ActiveCfg = Release|Win32
		{69348DEB-2853-46E7-9E24-1A17DD06871A}.Release|x86.Build.0 = Release|Win32
	EndGlobalSection
	GlobalSection(SolutionProperties) = preSolution
		HideSolutionNode = FALSE
	EndGlobalSection
	GlobalSection(ExtensibilityGlobals) = postSolution
		SolutionGuid = {5D532FD6-20DA-49A3-9111-ADBCAF7989DD}
	EndGlobalSection
EndGlobal
