
Microsoft Visual Studio Solution File, Format Version 12.00
# Visual Studio 15
VisualStudioVersion = 15.0.27703.2042
MinimumVisualStudioVersion = 10.0.40219.1
Project("{888888A0-9F3D-457C-B088-3A5042F75D52}") = "icfpc2018", "icfpc2018.pyproj", "{0CC3B36E-BBD2-4D7E-BBD7-956AF8F4764E}"
EndProject
Global
	GlobalSection(SolutionConfigurationPlatforms) = preSolution
		Debug|Any CPU = Debug|Any CPU
		Release|Any CPU = Release|Any CPU
	EndGlobalSection
	GlobalSection(ProjectConfigurationPlatforms) = postSolution
		{0CC3B36E-BBD2-4D7E-BBD7-956AF8F4764E}.Debug|Any CPU.ActiveCfg = Debug|Any CPU
		{0CC3B36E-BBD2-4D7E-BBD7-956AF8F4764E}.Release|Any CPU.ActiveCfg = Release|Any CPU
	EndGlobalSection
	GlobalSection(SolutionProperties) = preSolution
		HideSolutionNode = FALSE
	EndGlobalSection
	GlobalSection(ExtensibilityGlobals) = postSolution
		SolutionGuid = {AB6CC635-1931-4F83-B467-C85BBF1F20FA}
	EndGlobalSection
EndGlobal
